{
  "object": {
    "pins": [
      {
        "package": "SwiftUIExtensions",
        "repositoryURL": "git@github.com:SwiftExtensions/SwiftUIExtensions.git",
        "state": {
          "branch": null,
          "revision": "04f0bce3e4ff5efb1dbac84d8b9ac74a5e0e2d08",
          "version": "0.8.0"
        }
      }
    ]
  },
  "version": 1
}
