// !$*UTF8*$!
{
	archiveVersion = 1;
	classes = {
	};
	objectVersion = 52;
	objects = {

/* Begin PBXBuildFile section */
		792F3A8323A3338D002A321D /* ObjectType.swift in Sources */ = {isa = PBXBuildFile; fileRef = 792F3A8223A3338D002A321D /* ObjectType.swift */; };
		792F3A8723A34307002A321D /* Helpers.swift in Sources */ = {isa = PBXBuildFile; fileRef = 792F3A8623A34307002A321D /* Helpers.swift */; };
		792F3A8923A34335002A321D /* FileHelper.swift in Sources */ = {isa = PBXBuildFile; fileRef = 792F3A8823A34335002A321D /* FileHelper.swift */; };
		792F3A8F23A34402002A321D /* Sample.swift in Sources */ = {isa = PBXBuildFile; fileRef = 792F3A8E23A34402002A321D /* Sample.swift */; };
		792F3A9523A34649002A321D /* LoadTypesRequest.swift in Sources */ = {isa = PBXBuildFile; fileRef = 792F3A9423A34649002A321D /* LoadTypesRequest.swift */; };
		792F3A9723A3466A002A321D /* AppError.swift in Sources */ = {isa = PBXBuildFile; fileRef = 792F3A9623A3466A002A321D /* AppError.swift */; };
		792F3A9923A34746002A321D /* DisposeBag.swift in Sources */ = {isa = PBXBuildFile; fileRef = 792F3A9823A34746002A321D /* DisposeBag.swift */; };
		794123CF23A4790400F1380C /* MessageHUD.swift in Sources */ = {isa = PBXBuildFile; fileRef = 794123CE23A4790400F1380C /* MessageHUD.swift */; };
		794123D123A4795700F1380C /* BlurView.swift in Sources */ = {isa = PBXBuildFile; fileRef = 794123D023A4795700F1380C /* BlurView.swift */; };
		79691FDC23A324590005701E /* Store.swift in Sources */ = {isa = PBXBuildFile; fileRef = 79691FDB23A324590005701E /* Store.swift */; };
		79691FDE23A324C00005701E /* AppState.swift in Sources */ = {isa = PBXBuildFile; fileRef = 79691FDD23A324C00005701E /* AppState.swift */; };
		79691FE023A324F30005701E /* AppAction.swift in Sources */ = {isa = PBXBuildFile; fileRef = 79691FDF23A324F30005701E /* AppAction.swift */; };
		79691FE223A325040005701E /* AppCommand.swift in Sources */ = {isa = PBXBuildFile; fileRef = 79691FE123A325040005701E /* AppCommand.swift */; };
		79691FE623A327400005701E /* TypeListRow.swift in Sources */ = {isa = PBXBuildFile; fileRef = 79691FE523A327400005701E /* TypeListRow.swift */; };
		7981F95223A8D73C00BAED57 /* SwiftUIExtensions in Frameworks */ = {isa = PBXBuildFile; productRef = 7981F95123A8D73C00BAED57 /* SwiftUIExtensions */; };
		7983BE6723A3659E0063BEAE /* ARViewContainer.swift in Sources */ = {isa = PBXBuildFile; fileRef = 7983BE6623A3659E0063BEAE /* ARViewContainer.swift */; };
		7983BE6923A365E00063BEAE /* ObjectGrid.swift in Sources */ = {isa = PBXBuildFile; fileRef = 7983BE6823A365E00063BEAE /* ObjectGrid.swift */; };
		7983BE7523A373D90063BEAE /* Object.swift in Sources */ = {isa = PBXBuildFile; fileRef = 7983BE7423A373D90063BEAE /* Object.swift */; };
		7983BE7723A374D10063BEAE /* LoadObjectsRequest.swift in Sources */ = {isa = PBXBuildFile; fileRef = 7983BE7623A374D10063BEAE /* LoadObjectsRequest.swift */; };
		7983BE7923A380C10063BEAE /* ObjectGridItem.swift in Sources */ = {isa = PBXBuildFile; fileRef = 7983BE7823A380C10063BEAE /* ObjectGridItem.swift */; };
		799C63BB2376EE7600A64A1C /* AppDelegate.swift in Sources */ = {isa = PBXBuildFile; fileRef = 799C63BA2376EE7600A64A1C /* AppDelegate.swift */; };
		799C63BD2376EE7600A64A1C /* ContentView.swift in Sources */ = {isa = PBXBuildFile; fileRef = 799C63BC2376EE7600A64A1C /* ContentView.swift */; };
		799C63C12376EE7800A64A1C /* Assets.xcassets in Resources */ = {isa = PBXBuildFile; fileRef = 799C63C02376EE7800A64A1C /* Assets.xcassets */; };
		799C63C42376EE7800A64A1C /* Preview Assets.xcassets in Resources */ = {isa = PBXBuildFile; fileRef = 799C63C32376EE7800A64A1C /* Preview Assets.xcassets */; };
		799C63C72376EE7800A64A1C /* LaunchScreen.storyboard in Resources */ = {isa = PBXBuildFile; fileRef = 799C63C52376EE7800A64A1C /* LaunchScreen.storyboard */; };
		799C63D22376EE7800A64A1C /* ARHome_iOSTests.swift in Sources */ = {isa = PBXBuildFile; fileRef = 799C63D12376EE7800A64A1C /* ARHome_iOSTests.swift */; };
		799C63DD2376EE7800A64A1C /* ARHome_iOSUITests.swift in Sources */ = {isa = PBXBuildFile; fileRef = 799C63DC2376EE7800A64A1C /* ARHome_iOSUITests.swift */; };
		79A0E75223A7B816003F6F84 /* Tables.rcproject in Sources */ = {isa = PBXBuildFile; fileRef = 79A0E75123A7B816003F6F84 /* Tables.rcproject */; };
		79A0E75423A7B95A003F6F84 /* LoadModelRequest.swift in Sources */ = {isa = PBXBuildFile; fileRef = 79A0E75323A7B95A003F6F84 /* LoadModelRequest.swift */; };
		79AB621423A5FAB600D20AF3 /* Objects.json in Resources */ = {isa = PBXBuildFile; fileRef = 79AB621223A5FAB500D20AF3 /* Objects.json */; };
		79AB621523A5FAB600D20AF3 /* Types.json in Resources */ = {isa = PBXBuildFile; fileRef = 79AB621323A5FAB600D20AF3 /* Types.json */; };
		79AB622423A5FAD900D20AF3 /* CupSaucerSet.usdz in Resources */ = {isa = PBXBuildFile; fileRef = 79AB621823A5FAD900D20AF3 /* CupSaucerSet.usdz */; };
		79AB622523A5FAD900D20AF3 /* PeriodicTable.usdz in Resources */ = {isa = PBXBuildFile; fileRef = 79AB621923A5FAD900D20AF3 /* PeriodicTable.usdz */; };
		79AB622623A5FAD900D20AF3 /* Laptop.usdz in Resources */ = {isa = PBXBuildFile; fileRef = 79AB621A23A5FAD900D20AF3 /* Laptop.usdz */; };
		79AB622723A5FAD900D20AF3 /* Tulip.usdz in Resources */ = {isa = PBXBuildFile; fileRef = 79AB621B23A5FAD900D20AF3 /* Tulip.usdz */; };
		79AB622823A5FAD900D20AF3 /* FoldableChair.usdz in Resources */ = {isa = PBXBuildFile; fileRef = 79AB621D23A5FAD900D20AF3 /* FoldableChair.usdz */; };
		79AB622923A5FAD900D20AF3 /* RedChair.usdz in Resources */ = {isa = PBXBuildFile; fileRef = 79AB621E23A5FAD900D20AF3 /* RedChair.usdz */; };
		79AB622A23A5FAD900D20AF3 /* Loveseat.usdz in Resources */ = {isa = PBXBuildFile; fileRef = 79AB622023A5FAD900D20AF3 /* Loveseat.usdz */; };
		79AB622B23A5FAD900D20AF3 /* EndTable.usdz in Resources */ = {isa = PBXBuildFile; fileRef = 79AB622223A5FAD900D20AF3 /* EndTable.usdz */; };
		79AB622C23A5FAD900D20AF3 /* Desk.usdz in Resources */ = {isa = PBXBuildFile; fileRef = 79AB622323A5FAD900D20AF3 /* Desk.usdz */; };
		79D6539C23A34B8100B25C93 /* TypeListRoot.swift in Sources */ = {isa = PBXBuildFile; fileRef = 79D6539B23A34B8100B25C93 /* TypeListRoot.swift */; };
		79D6539E23A34B8F00B25C93 /* TypeList.swift in Sources */ = {isa = PBXBuildFile; fileRef = 79D6539D23A34B8F00B25C93 /* TypeList.swift */; };
/* End PBXBuildFile section */

/* Begin PBXContainerItemProxy section */
		799C63CE2376EE7800A64A1C /* PBXContainerItemProxy */ = {
			isa = PBXContainerItemProxy;
			containerPortal = 799C63AF2376EE7600A64A1C /* Project object */;
			proxyType = 1;
			remoteGlobalIDString = 799C63B62376EE7600A64A1C;
			remoteInfo = "ARHome-iOS";
		};
		799C63D92376EE7800A64A1C /* PBXContainerItemProxy */ = {
			isa = PBXContainerItemProxy;
			containerPortal = 799C63AF2376EE7600A64A1C /* Project object */;
			proxyType = 1;
			remoteGlobalIDString = 799C63B62376EE7600A64A1C;
			remoteInfo = "ARHome-iOS";
		};
/* End PBXContainerItemProxy section */

/* Begin PBXFileReference section */
		792F3A8223A3338D002A321D /* ObjectType.swift */ = {isa = PBXFileReference; lastKnownFileType = sourcecode.swift; path = ObjectType.swift; sourceTree = "<group>"; };
		792F3A8623A34307002A321D /* Helpers.swift */ = {isa = PBXFileReference; lastKnownFileType = sourcecode.swift; path = Helpers.swift; sourceTree = "<group>"; };
		792F3A8823A34335002A321D /* FileHelper.swift */ = {isa = PBXFileReference; lastKnownFileType = sourcecode.swift; path = FileHelper.swift; sourceTree = "<group>"; };
		792F3A8E23A34402002A321D /* Sample.swift */ = {isa = PBXFileReference; lastKnownFileType = sourcecode.swift; path = Sample.swift; sourceTree = "<group>"; };
		792F3A9423A34649002A321D /* LoadTypesRequest.swift */ = {isa = PBXFileReference; lastKnownFileType = sourcecode.swift; path = LoadTypesRequest.swift; sourceTree = "<group>"; };
		792F3A9623A3466A002A321D /* AppError.swift */ = {isa = PBXFileReference; lastKnownFileType = sourcecode.swift; path = AppError.swift; sourceTree = "<group>"; };
		792F3A9823A34746002A321D /* DisposeBag.swift */ = {isa = PBXFileReference; lastKnownFileType = sourcecode.swift; path = DisposeBag.swift; sourceTree = "<group>"; };
		794123CE23A4790400F1380C /* MessageHUD.swift */ = {isa = PBXFileReference; lastKnownFileType = sourcecode.swift; path = MessageHUD.swift; sourceTree = "<group>"; };
		794123D023A4795700F1380C /* BlurView.swift */ = {isa = PBXFileReference; fileEncoding = 4; lastKnownFileType = sourcecode.swift; path = BlurView.swift; sourceTree = "<group>"; };
		79691FDB23A324590005701E /* Store.swift */ = {isa = PBXFileReference; lastKnownFileType = sourcecode.swift; path = Store.swift; sourceTree = "<group>"; };
		79691FDD23A324C00005701E /* AppState.swift */ = {isa = PBXFileReference; lastKnownFileType = sourcecode.swift; path = AppState.swift; sourceTree = "<group>"; };
		79691FDF23A324F30005701E /* AppAction.swift */ = {isa = PBXFileReference; lastKnownFileType = sourcecode.swift; path = AppAction.swift; sourceTree = "<group>"; };
		79691FE123A325040005701E /* AppCommand.swift */ = {isa = PBXFileReference; lastKnownFileType = sourcecode.swift; path = AppCommand.swift; sourceTree = "<group>"; };
		79691FE523A327400005701E /* TypeListRow.swift */ = {isa = PBXFileReference; lastKnownFileType = sourcecode.swift; path = TypeListRow.swift; sourceTree = "<group>"; };
		7983BE6623A3659E0063BEAE /* ARViewContainer.swift */ = {isa = PBXFileReference; fileEncoding = 4; lastKnownFileType = sourcecode.swift; path = ARViewContainer.swift; sourceTree = "<group>"; };
		7983BE6823A365E00063BEAE /* ObjectGrid.swift */ = {isa = PBXFileReference; lastKnownFileType = sourcecode.swift; path = ObjectGrid.swift; sourceTree = "<group>"; };
		7983BE7423A373D90063BEAE /* Object.swift */ = {isa = PBXFileReference; lastKnownFileType = sourcecode.swift; path = Object.swift; sourceTree = "<group>"; };
		7983BE7623A374D10063BEAE /* LoadObjectsRequest.swift */ = {isa = PBXFileReference; lastKnownFileType = sourcecode.swift; path = LoadObjectsRequest.swift; sourceTree = "<group>"; };
		7983BE7823A380C10063BEAE /* ObjectGridItem.swift */ = {isa = PBXFileReference; lastKnownFileType = sourcecode.swift; path = ObjectGridItem.swift; sourceTree = "<group>"; };
		799C63B72376EE7600A64A1C /* ARHome-iOS.app */ = {isa = PBXFileReference; explicitFileType = wrapper.application; includeInIndex = 0; path = "ARHome-iOS.app"; sourceTree = BUILT_PRODUCTS_DIR; };
		799C63BA2376EE7600A64A1C /* AppDelegate.swift */ = {isa = PBXFileReference; lastKnownFileType = sourcecode.swift; path = AppDelegate.swift; sourceTree = "<group>"; };
		799C63BC2376EE7600A64A1C /* ContentView.swift */ = {isa = PBXFileReference; lastKnownFileType = sourcecode.swift; path = ContentView.swift; sourceTree = "<group>"; };
		799C63C02376EE7800A64A1C /* Assets.xcassets */ = {isa = PBXFileReference; lastKnownFileType = folder.assetcatalog; path = Assets.xcassets; sourceTree = "<group>"; };
		799C63C32376EE7800A64A1C /* Preview Assets.xcassets */ = {isa = PBXFileReference; lastKnownFileType = folder.assetcatalog; path = "Preview Assets.xcassets"; sourceTree = "<group>"; };
		799C63C62376EE7800A64A1C /* Base */ = {isa = PBXFileReference; lastKnownFileType = file.storyboard; name = Base; path = Base.lproj/LaunchScreen.storyboard; sourceTree = "<group>"; };
		799C63C82376EE7800A64A1C /* Info.plist */ = {isa = PBXFileReference; lastKnownFileType = text.plist.xml; path = Info.plist; sourceTree = "<group>"; };
		799C63CD2376EE7800A64A1C /* ARHome-iOSTests.xctest */ = {isa = PBXFileReference; explicitFileType = wrapper.cfbundle; includeInIndex = 0; path = "ARHome-iOSTests.xctest"; sourceTree = BUILT_PRODUCTS_DIR; };
		799C63D12376EE7800A64A1C /* ARHome_iOSTests.swift */ = {isa = PBXFileReference; lastKnownFileType = sourcecode.swift; path = ARHome_iOSTests.swift; sourceTree = "<group>"; };
		799C63D32376EE7800A64A1C /* Info.plist */ = {isa = PBXFileReference; lastKnownFileType = text.plist.xml; path = Info.plist; sourceTree = "<group>"; };
		799C63D82376EE7800A64A1C /* ARHome-iOSUITests.xctest */ = {isa = PBXFileReference; explicitFileType = wrapper.cfbundle; includeInIndex = 0; path = "ARHome-iOSUITests.xctest"; sourceTree = BUILT_PRODUCTS_DIR; };
		799C63DC2376EE7800A64A1C /* ARHome_iOSUITests.swift */ = {isa = PBXFileReference; lastKnownFileType = sourcecode.swift; path = ARHome_iOSUITests.swift; sourceTree = "<group>"; };
		799C63DE2376EE7800A64A1C /* Info.plist */ = {isa = PBXFileReference; lastKnownFileType = text.plist.xml; path = Info.plist; sourceTree = "<group>"; };
		799C63EA2376F88700A64A1C /* README.md */ = {isa = PBXFileReference; lastKnownFileType = net.daringfireball.markdown; path = README.md; sourceTree = "<group>"; };
		79A0E75123A7B816003F6F84 /* Tables.rcproject */ = {isa = PBXFileReference; lastKnownFileType = file.rcproject; path = Tables.rcproject; sourceTree = "<group>"; };
		79A0E75323A7B95A003F6F84 /* LoadModelRequest.swift */ = {isa = PBXFileReference; lastKnownFileType = sourcecode.swift; path = LoadModelRequest.swift; sourceTree = "<group>"; };
		79AB621223A5FAB500D20AF3 /* Objects.json */ = {isa = PBXFileReference; fileEncoding = 4; lastKnownFileType = text.json; path = Objects.json; sourceTree = "<group>"; };
		79AB621323A5FAB600D20AF3 /* Types.json */ = {isa = PBXFileReference; fileEncoding = 4; lastKnownFileType = text.json; path = Types.json; sourceTree = "<group>"; };
		79AB621823A5FAD900D20AF3 /* CupSaucerSet.usdz */ = {isa = PBXFileReference; lastKnownFileType = file.usdz; path = CupSaucerSet.usdz; sourceTree = "<group>"; };
		79AB621923A5FAD900D20AF3 /* PeriodicTable.usdz */ = {isa = PBXFileReference; lastKnownFileType = file.usdz; path = PeriodicTable.usdz; sourceTree = "<group>"; };
		79AB621A23A5FAD900D20AF3 /* Laptop.usdz */ = {isa = PBXFileReference; lastKnownFileType = file.usdz; path = Laptop.usdz; sourceTree = "<group>"; };
		79AB621B23A5FAD900D20AF3 /* Tulip.usdz */ = {isa = PBXFileReference; lastKnownFileType = file.usdz; path = Tulip.usdz; sourceTree = "<group>"; };
		79AB621D23A5FAD900D20AF3 /* FoldableChair.usdz */ = {isa = PBXFileReference; lastKnownFileType = file.usdz; path = FoldableChair.usdz; sourceTree = "<group>"; };
		79AB621E23A5FAD900D20AF3 /* RedChair.usdz */ = {isa = PBXFileReference; lastKnownFileType = file.usdz; path = RedChair.usdz; sourceTree = "<group>"; };
		79AB622023A5FAD900D20AF3 /* Loveseat.usdz */ = {isa = PBXFileReference; lastKnownFileType = file.usdz; path = Loveseat.usdz; sourceTree = "<group>"; };
		79AB622223A5FAD900D20AF3 /* EndTable.usdz */ = {isa = PBXFileReference; lastKnownFileType = file.usdz; path = EndTable.usdz; sourceTree = "<group>"; };
		79AB622323A5FAD900D20AF3 /* Desk.usdz */ = {isa = PBXFileReference; lastKnownFileType = file.usdz; path = Desk.usdz; sourceTree = "<group>"; };
		79D6539B23A34B8100B25C93 /* TypeListRoot.swift */ = {isa = PBXFileReference; lastKnownFileType = sourcecode.swift; path = TypeListRoot.swift; sourceTree = "<group>"; };
		79D6539D23A34B8F00B25C93 /* TypeList.swift */ = {isa = PBXFileReference; lastKnownFileType = sourcecode.swift; path = TypeList.swift; sourceTree = "<group>"; };
/* End PBXFileReference section */

/* Begin PBXFrameworksBuildPhase section */
		799C63B42376EE7600A64A1C /* Frameworks */ = {
			isa = PBXFrameworksBuildPhase;
			buildActionMask = 2147483647;
			files = (
				7981F95223A8D73C00BAED57 /* SwiftUIExtensions in Frameworks */,
			);
			runOnlyForDeploymentPostprocessing = 0;
		};
		799C63CA2376EE7800A64A1C /* Frameworks */ = {
			isa = PBXFrameworksBuildPhase;
			buildActionMask = 2147483647;
			files = (
			);
			runOnlyForDeploymentPostprocessing = 0;
		};
		799C63D52376EE7800A64A1C /* Frameworks */ = {
			isa = PBXFrameworksBuildPhase;
			buildActionMask = 2147483647;
			files = (
			);
			runOnlyForDeploymentPostprocessing = 0;
		};
/* End PBXFrameworksBuildPhase section */

/* Begin PBXGroup section */
		792F3A8423A34242002A321D /* JSON */ = {
			isa = PBXGroup;
			children = (
				79AB621223A5FAB500D20AF3 /* Objects.json */,
				79AB621323A5FAB600D20AF3 /* Types.json */,
			);
			path = JSON;
			sourceTree = "<group>";
		};
		792F3A8523A342F4002A321D /* Utils */ = {
			isa = PBXGroup;
			children = (
				792F3A8623A34307002A321D /* Helpers.swift */,
				792F3A8823A34335002A321D /* FileHelper.swift */,
				792F3A9823A34746002A321D /* DisposeBag.swift */,
				792F3A8E23A34402002A321D /* Sample.swift */,
			);
			path = Utils;
			sourceTree = "<group>";
		};
		792F3A9223A345B8002A321D /* State */ = {
			isa = PBXGroup;
			children = (
				79691FD923A3242F0005701E /* DataFlow */,
				792F3A9323A345C4002A321D /* Networking */,
			);
			path = State;
			sourceTree = "<group>";
		};
		792F3A9323A345C4002A321D /* Networking */ = {
			isa = PBXGroup;
			children = (
				792F3A9423A34649002A321D /* LoadTypesRequest.swift */,
				7983BE7623A374D10063BEAE /* LoadObjectsRequest.swift */,
				79A0E75323A7B95A003F6F84 /* LoadModelRequest.swift */,
			);
			path = Networking;
			sourceTree = "<group>";
		};
		794123CD23A478E500F1380C /* Utils */ = {
			isa = PBXGroup;
			children = (
				794123D023A4795700F1380C /* BlurView.swift */,
				794123CE23A4790400F1380C /* MessageHUD.swift */,
			);
			path = Utils;
			sourceTree = "<group>";
		};
		79691FD923A3242F0005701E /* DataFlow */ = {
			isa = PBXGroup;
			children = (
				79691FDB23A324590005701E /* Store.swift */,
				79691FDD23A324C00005701E /* AppState.swift */,
				79691FDF23A324F30005701E /* AppAction.swift */,
				79691FE123A325040005701E /* AppCommand.swift */,
				792F3A9623A3466A002A321D /* AppError.swift */,
			);
			path = DataFlow;
			sourceTree = "<group>";
		};
		79691FDA23A324470005701E /* Models */ = {
			isa = PBXGroup;
			children = (
				792F3A8223A3338D002A321D /* ObjectType.swift */,
				7983BE7423A373D90063BEAE /* Object.swift */,
			);
			path = Models;
			sourceTree = "<group>";
		};
		79691FE423A327290005701E /* List */ = {
			isa = PBXGroup;
			children = (
				79D6539B23A34B8100B25C93 /* TypeListRoot.swift */,
				79D6539D23A34B8F00B25C93 /* TypeList.swift */,
				79691FE523A327400005701E /* TypeListRow.swift */,
				7983BE6823A365E00063BEAE /* ObjectGrid.swift */,
				7983BE7823A380C10063BEAE /* ObjectGridItem.swift */,
			);
			path = List;
			sourceTree = "<group>";
		};
		797B3FED239FDF4B000FE5C6 /* Resources */ = {
			isa = PBXGroup;
			children = (
				79A0E75123A7B816003F6F84 /* Tables.rcproject */,
				79AB621623A5FAD900D20AF3 /* USDZs */,
				792F3A8423A34242002A321D /* JSON */,
			);
			path = Resources;
			sourceTree = "<group>";
		};
		797B3FF5239FDF94000FE5C6 /* Supporting Files */ = {
			isa = PBXGroup;
			children = (
				799C63C52376EE7800A64A1C /* LaunchScreen.storyboard */,
				799C63C82376EE7800A64A1C /* Info.plist */,
				799C63C22376EE7800A64A1C /* Preview Content */,
			);
			name = "Supporting Files";
			sourceTree = "<group>";
		};
		7983BE6523A3659E0063BEAE /* AR */ = {
			isa = PBXGroup;
			children = (
				7983BE6623A3659E0063BEAE /* ARViewContainer.swift */,
			);
			path = AR;
			sourceTree = "<group>";
		};
		799C63AE2376EE7600A64A1C = {
			isa = PBXGroup;
			children = (
				799C63EA2376F88700A64A1C /* README.md */,
				799C63B92376EE7600A64A1C /* ARHome-iOS */,
				799C63D02376EE7800A64A1C /* ARHome-iOSTests */,
				799C63DB2376EE7800A64A1C /* ARHome-iOSUITests */,
				799C63B82376EE7600A64A1C /* Products */,
			);
			sourceTree = "<group>";
		};
		799C63B82376EE7600A64A1C /* Products */ = {
			isa = PBXGroup;
			children = (
				799C63B72376EE7600A64A1C /* ARHome-iOS.app */,
				799C63CD2376EE7800A64A1C /* ARHome-iOSTests.xctest */,
				799C63D82376EE7800A64A1C /* ARHome-iOSUITests.xctest */,
			);
			name = Products;
			sourceTree = "<group>";
		};
		799C63B92376EE7600A64A1C /* ARHome-iOS */ = {
			isa = PBXGroup;
			children = (
				792F3A9223A345B8002A321D /* State */,
				79691FDA23A324470005701E /* Models */,
				79F13A9D239E554C006749A1 /* Views */,
				792F3A8523A342F4002A321D /* Utils */,
				797B3FED239FDF4B000FE5C6 /* Resources */,
				797B3FF5239FDF94000FE5C6 /* Supporting Files */,
				799C63BA2376EE7600A64A1C /* AppDelegate.swift */,
				799C63C02376EE7800A64A1C /* Assets.xcassets */,
			);
			path = "ARHome-iOS";
			sourceTree = "<group>";
		};
		799C63C22376EE7800A64A1C /* Preview Content */ = {
			isa = PBXGroup;
			children = (
				799C63C32376EE7800A64A1C /* Preview Assets.xcassets */,
			);
			path = "Preview Content";
			sourceTree = "<group>";
		};
		799C63D02376EE7800A64A1C /* ARHome-iOSTests */ = {
			isa = PBXGroup;
			children = (
				799C63D12376EE7800A64A1C /* ARHome_iOSTests.swift */,
				799C63D32376EE7800A64A1C /* Info.plist */,
			);
			path = "ARHome-iOSTests";
			sourceTree = "<group>";
		};
		799C63DB2376EE7800A64A1C /* ARHome-iOSUITests */ = {
			isa = PBXGroup;
			children = (
				799C63DC2376EE7800A64A1C /* ARHome_iOSUITests.swift */,
				799C63DE2376EE7800A64A1C /* Info.plist */,
			);
			path = "ARHome-iOSUITests";
			sourceTree = "<group>";
		};
		79AB621623A5FAD900D20AF3 /* USDZs */ = {
			isa = PBXGroup;
			children = (
				79AB621723A5FAD900D20AF3 /* Decoration */,
				79AB621C23A5FAD900D20AF3 /* Chair */,
				79AB621F23A5FAD900D20AF3 /* Sofa */,
				79AB622123A5FAD900D20AF3 /* Table */,
			);
			path = USDZs;
			sourceTree = "<group>";
		};
		79AB621723A5FAD900D20AF3 /* Decoration */ = {
			isa = PBXGroup;
			children = (
				79AB621823A5FAD900D20AF3 /* CupSaucerSet.usdz */,
				79AB621923A5FAD900D20AF3 /* PeriodicTable.usdz */,
				79AB621A23A5FAD900D20AF3 /* Laptop.usdz */,
				79AB621B23A5FAD900D20AF3 /* Tulip.usdz */,
			);
			path = Decoration;
			sourceTree = "<group>";
		};
		79AB621C23A5FAD900D20AF3 /* Chair */ = {
			isa = PBXGroup;
			children = (
				79AB621D23A5FAD900D20AF3 /* FoldableChair.usdz */,
				79AB621E23A5FAD900D20AF3 /* RedChair.usdz */,
			);
			path = Chair;
			sourceTree = "<group>";
		};
		79AB621F23A5FAD900D20AF3 /* Sofa */ = {
			isa = PBXGroup;
			children = (
				79AB622023A5FAD900D20AF3 /* Loveseat.usdz */,
			);
			path = Sofa;
			sourceTree = "<group>";
		};
		79AB622123A5FAD900D20AF3 /* Table */ = {
			isa = PBXGroup;
			children = (
				79AB622223A5FAD900D20AF3 /* EndTable.usdz */,
				79AB622323A5FAD900D20AF3 /* Desk.usdz */,
			);
			path = Table;
			sourceTree = "<group>";
		};
		79F13A9D239E554C006749A1 /* Views */ = {
			isa = PBXGroup;
			children = (
				799C63BC2376EE7600A64A1C /* ContentView.swift */,
				7983BE6523A3659E0063BEAE /* AR */,
				79691FE423A327290005701E /* List */,
				794123CD23A478E500F1380C /* Utils */,
			);
			path = Views;
			sourceTree = "<group>";
		};
/* End PBXGroup section */

/* Begin PBXNativeTarget section */
		799C63B62376EE7600A64A1C /* ARHome-iOS */ = {
			isa = PBXNativeTarget;
			buildConfigurationList = 799C63E12376EE7800A64A1C /* Build configuration list for PBXNativeTarget "ARHome-iOS" */;
			buildPhases = (
				799C63B32376EE7600A64A1C /* Sources */,
				799C63B42376EE7600A64A1C /* Frameworks */,
				799C63B52376EE7600A64A1C /* Resources */,
			);
			buildRules = (
			);
			dependencies = (
			);
			name = "ARHome-iOS";
			packageProductDependencies = (
				7981F95123A8D73C00BAED57 /* SwiftUIExtensions */,
			);
			productName = "ARHome-iOS";
			productReference = 799C63B72376EE7600A64A1C /* ARHome-iOS.app */;
			productType = "com.apple.product-type.application";
		};
		799C63CC2376EE7800A64A1C /* ARHome-iOSTests */ = {
			isa = PBXNativeTarget;
			buildConfigurationList = 799C63E42376EE7800A64A1C /* Build configuration list for PBXNativeTarget "ARHome-iOSTests" */;
			buildPhases = (
				799C63C92376EE7800A64A1C /* Sources */,
				799C63CA2376EE7800A64A1C /* Frameworks */,
				799C63CB2376EE7800A64A1C /* Resources */,
			);
			buildRules = (
			);
			dependencies = (
				799C63CF2376EE7800A64A1C /* PBXTargetDependency */,
			);
			name = "ARHome-iOSTests";
			productName = "ARHome-iOSTests";
			productReference = 799C63CD2376EE7800A64A1C /* ARHome-iOSTests.xctest */;
			productType = "com.apple.product-type.bundle.unit-test";
		};
		799C63D72376EE7800A64A1C /* ARHome-iOSUITests */ = {
			isa = PBXNativeTarget;
			buildConfigurationList = 799C63E72376EE7800A64A1C /* Build configuration list for PBXNativeTarget "ARHome-iOSUITests" */;
			buildPhases = (
				799C63D42376EE7800A64A1C /* Sources */,
				799C63D52376EE7800A64A1C /* Frameworks */,
				799C63D62376EE7800A64A1C /* Resources */,
			);
			buildRules = (
			);
			dependencies = (
				799C63DA2376EE7800A64A1C /* PBXTargetDependency */,
			);
			name = "ARHome-iOSUITests";
			productName = "ARHome-iOSUITests";
			productReference = 799C63D82376EE7800A64A1C /* ARHome-iOSUITests.xctest */;
			productType = "com.apple.product-type.bundle.ui-testing";
		};
/* End PBXNativeTarget section */

/* Begin PBXProject section */
		799C63AF2376EE7600A64A1C /* Project object */ = {
			isa = PBXProject;
			attributes = {
				LastSwiftUpdateCheck = 1120;
				LastUpgradeCheck = 1120;
				ORGANIZATIONNAME = "高健";
				TargetAttributes = {
					799C63B62376EE7600A64A1C = {
						CreatedOnToolsVersion = 11.2;
					};
					799C63CC2376EE7800A64A1C = {
						CreatedOnToolsVersion = 11.2;
						TestTargetID = 799C63B62376EE7600A64A1C;
					};
					799C63D72376EE7800A64A1C = {
						CreatedOnToolsVersion = 11.2;
						TestTargetID = 799C63B62376EE7600A64A1C;
					};
				};
			};
			buildConfigurationList = 799C63B22376EE7600A64A1C /* Build configuration list for PBXProject "ARHome-iOS" */;
			compatibilityVersion = "Xcode 9.3";
			developmentRegion = en;
			hasScannedForEncodings = 0;
			knownRegions = (
				en,
				Base,
			);
			mainGroup = 799C63AE2376EE7600A64A1C;
			packageReferences = (
				7981F95023A8D73C00BAED57 /* XCRemoteSwiftPackageReference "SwiftUIExtensions" */,
			);
			productRefGroup = 799C63B82376EE7600A64A1C /* Products */;
			projectDirPath = "";
			projectRoot = "";
			targets = (
				799C63B62376EE7600A64A1C /* ARHome-iOS */,
				799C63CC2376EE7800A64A1C /* ARHome-iOSTests */,
				799C63D72376EE7800A64A1C /* ARHome-iOSUITests */,
			);
		};
/* End PBXProject section */

/* Begin PBXResourcesBuildPhase section */
		799C63B52376EE7600A64A1C /* Resources */ = {
			isa = PBXResourcesBuildPhase;
			buildActionMask = 2147483647;
			files = (
				799C63C72376EE7800A64A1C /* LaunchScreen.storyboard in Resources */,
				79AB622523A5FAD900D20AF3 /* PeriodicTable.usdz in Resources */,
				79AB622923A5FAD900D20AF3 /* RedChair.usdz in Resources */,
				79AB622A23A5FAD900D20AF3 /* Loveseat.usdz in Resources */,
				79AB622B23A5FAD900D20AF3 /* EndTable.usdz in Resources */,
				799C63C42376EE7800A64A1C /* Preview Assets.xcassets in Resources */,
				79AB622623A5FAD900D20AF3 /* Laptop.usdz in Resources */,
				79AB622723A5FAD900D20AF3 /* Tulip.usdz in Resources */,
				79AB621523A5FAB600D20AF3 /* Types.json in Resources */,
				79AB621423A5FAB600D20AF3 /* Objects.json in Resources */,
				79AB622C23A5FAD900D20AF3 /* Desk.usdz in Resources */,
				79AB622423A5FAD900D20AF3 /* CupSaucerSet.usdz in Resources */,
				79AB622823A5FAD900D20AF3 /* FoldableChair.usdz in Resources */,
				799C63C12376EE7800A64A1C /* Assets.xcassets in Resources */,
			);
			runOnlyForDeploymentPostprocessing = 0;
		};
		799C63CB2376EE7800A64A1C /* Resources */ = {
			isa = PBXResourcesBuildPhase;
			buildActionMask = 2147483647;
			files = (
			);
			runOnlyForDeploymentPostprocessing = 0;
		};
		799C63D62376EE7800A64A1C /* Resources */ = {
			isa = PBXResourcesBuildPhase;
			buildActionMask = 2147483647;
			files = (
			);
			runOnlyForDeploymentPostprocessing = 0;
		};
/* End PBXResourcesBuildPhase section */

/* Begin PBXSourcesBuildPhase section */
		799C63B32376EE7600A64A1C /* Sources */ = {
			isa = PBXSourcesBuildPhase;
			buildActionMask = 2147483647;
			files = (
				792F3A8323A3338D002A321D /* ObjectType.swift in Sources */,
				792F3A8F23A34402002A321D /* Sample.swift in Sources */,
				794123D123A4795700F1380C /* BlurView.swift in Sources */,
				799C63BD2376EE7600A64A1C /* ContentView.swift in Sources */,
				79691FE023A324F30005701E /* AppAction.swift in Sources */,
				79691FE623A327400005701E /* TypeListRow.swift in Sources */,
				792F3A8923A34335002A321D /* FileHelper.swift in Sources */,
				7983BE6723A3659E0063BEAE /* ARViewContainer.swift in Sources */,
				792F3A9723A3466A002A321D /* AppError.swift in Sources */,
				7983BE7923A380C10063BEAE /* ObjectGridItem.swift in Sources */,
				79A0E75423A7B95A003F6F84 /* LoadModelRequest.swift in Sources */,
				794123CF23A4790400F1380C /* MessageHUD.swift in Sources */,
				792F3A9523A34649002A321D /* LoadTypesRequest.swift in Sources */,
				7983BE7523A373D90063BEAE /* Object.swift in Sources */,
				7983BE7723A374D10063BEAE /* LoadObjectsRequest.swift in Sources */,
				792F3A9923A34746002A321D /* DisposeBag.swift in Sources */,
				79D6539E23A34B8F00B25C93 /* TypeList.swift in Sources */,
				79691FE223A325040005701E /* AppCommand.swift in Sources */,
				7983BE6923A365E00063BEAE /* ObjectGrid.swift in Sources */,
				79691FDE23A324C00005701E /* AppState.swift in Sources */,
				799C63BB2376EE7600A64A1C /* AppDelegate.swift in Sources */,
				792F3A8723A34307002A321D /* Helpers.swift in Sources */,
				79A0E75223A7B816003F6F84 /* Tables.rcproject in Sources */,
				79691FDC23A324590005701E /* Store.swift in Sources */,
				79D6539C23A34B8100B25C93 /* TypeListRoot.swift in Sources */,
			);
			runOnlyForDeploymentPostprocessing = 0;
		};
		799C63C92376EE7800A64A1C /* Sources */ = {
			isa = PBXSourcesBuildPhase;
			buildActionMask = 2147483647;
			files = (
				799C63D22376EE7800A64A1C /* ARHome_iOSTests.swift in Sources */,
			);
			runOnlyForDeploymentPostprocessing = 0;
		};
		799C63D42376EE7800A64A1C /* Sources */ = {
			isa = PBXSourcesBuildPhase;
			buildActionMask = 2147483647;
			files = (
				799C63DD2376EE7800A64A1C /* ARHome_iOSUITests.swift in Sources */,
			);
			runOnlyForDeploymentPostprocessing = 0;
		};
/* End PBXSourcesBuildPhase section */

/* Begin PBXTargetDependency section */
		799C63CF2376EE7800A64A1C /* PBXTargetDependency */ = {
			isa = PBXTargetDependency;
			target = 799C63B62376EE7600A64A1C /* ARHome-iOS */;
			targetProxy = 799C63CE2376EE7800A64A1C /* PBXContainerItemProxy */;
		};
		799C63DA2376EE7800A64A1C /* PBXTargetDependency */ = {
			isa = PBXTargetDependency;
			target = 799C63B62376EE7600A64A1C /* ARHome-iOS */;
			targetProxy = 799C63D92376EE7800A64A1C /* PBXContainerItemProxy */;
		};
/* End PBXTargetDependency section */

/* Begin PBXVariantGroup section */
		799C63C52376EE7800A64A1C /* LaunchScreen.storyboard */ = {
			isa = PBXVariantGroup;
			children = (
				799C63C62376EE7800A64A1C /* Base */,
			);
			name = LaunchScreen.storyboard;
			sourceTree = "<group>";
		};
/* End PBXVariantGroup section */

/* Begin XCBuildConfiguration section */
		799C63DF2376EE7800A64A1C /* Debug */ = {
			isa = XCBuildConfiguration;
			buildSettings = {
				ALWAYS_SEARCH_USER_PATHS = NO;
				CLANG_ANALYZER_NONNULL = YES;
				CLANG_ANALYZER_NUMBER_OBJECT_CONVERSION = YES_AGGRESSIVE;
				CLANG_CXX_LANGUAGE_STANDARD = "gnu++14";
				CLANG_CXX_LIBRARY = "libc++";
				CLANG_ENABLE_MODULES = YES;
				CLANG_ENABLE_OBJC_ARC = YES;
				CLANG_ENABLE_OBJC_WEAK = YES;
				CLANG_WARN_BLOCK_CAPTURE_AUTORELEASING = YES;
				CLANG_WARN_BOOL_CONVERSION = YES;
				CLANG_WARN_COMMA = YES;
				CLANG_WARN_CONSTANT_CONVERSION = YES;
				CLANG_WARN_DEPRECATED_OBJC_IMPLEMENTATIONS = YES;
				CLANG_WARN_DIRECT_OBJC_ISA_USAGE = YES_ERROR;
				CLANG_WARN_DOCUMENTATION_COMMENTS = YES;
				CLANG_WARN_EMPTY_BODY = YES;
				CLANG_WARN_ENUM_CONVERSION = YES;
				CLANG_WARN_INFINITE_RECURSION = YES;
				CLANG_WARN_INT_CONVERSION = YES;
				CLANG_WARN_NON_LITERAL_NULL_CONVERSION = YES;
				CLANG_WARN_OBJC_IMPLICIT_RETAIN_SELF = YES;
				CLANG_WARN_OBJC_LITERAL_CONVERSION = YES;
				CLANG_WARN_OBJC_ROOT_CLASS = YES_ERROR;
				CLANG_WARN_RANGE_LOOP_ANALYSIS = YES;
				CLANG_WARN_STRICT_PROTOTYPES = YES;
				CLANG_WARN_SUSPICIOUS_MOVE = YES;
				CLANG_WARN_UNGUARDED_AVAILABILITY = YES_AGGRESSIVE;
				CLANG_WARN_UNREACHABLE_CODE = YES;
				CLANG_WARN__DUPLICATE_METHOD_MATCH = YES;
				COPY_PHASE_STRIP = NO;
				DEBUG_INFORMATION_FORMAT = dwarf;
				ENABLE_STRICT_OBJC_MSGSEND = YES;
				ENABLE_TESTABILITY = YES;
				GCC_C_LANGUAGE_STANDARD = gnu11;
				GCC_DYNAMIC_NO_PIC = NO;
				GCC_NO_COMMON_BLOCKS = YES;
				GCC_OPTIMIZATION_LEVEL = 0;
				GCC_PREPROCESSOR_DEFINITIONS = (
					"DEBUG=1",
					"$(inherited)",
				);
				GCC_WARN_64_TO_32_BIT_CONVERSION = YES;
				GCC_WARN_ABOUT_RETURN_TYPE = YES_ERROR;
				GCC_WARN_UNDECLARED_SELECTOR = YES;
				GCC_WARN_UNINITIALIZED_AUTOS = YES_AGGRESSIVE;
				GCC_WARN_UNUSED_FUNCTION = YES;
				GCC_WARN_UNUSED_VARIABLE = YES;
				IPHONEOS_DEPLOYMENT_TARGET = 13.2;
				MTL_ENABLE_DEBUG_INFO = INCLUDE_SOURCE;
				MTL_FAST_MATH = YES;
				ONLY_ACTIVE_ARCH = YES;
				SDKROOT = iphoneos;
				SWIFT_ACTIVE_COMPILATION_CONDITIONS = DEBUG;
				SWIFT_OPTIMIZATION_LEVEL = "-Onone";
			};
			name = Debug;
		};
		799C63E02376EE7800A64A1C /* Release */ = {
			isa = XCBuildConfiguration;
			buildSettings = {
				ALWAYS_SEARCH_USER_PATHS = NO;
				CLANG_ANALYZER_NONNULL = YES;
				CLANG_ANALYZER_NUMBER_OBJECT_CONVERSION = YES_AGGRESSIVE;
				CLANG_CXX_LANGUAGE_STANDARD = "gnu++14";
				CLANG_CXX_LIBRARY = "libc++";
				CLANG_ENABLE_MODULES = YES;
				CLANG_ENABLE_OBJC_ARC = YES;
				CLANG_ENABLE_OBJC_WEAK = YES;
				CLANG_WARN_BLOCK_CAPTURE_AUTORELEASING = YES;
				CLANG_WARN_BOOL_CONVERSION = YES;
				CLANG_WARN_COMMA = YES;
				CLANG_WARN_CONSTANT_CONVERSION = YES;
				CLANG_WARN_DEPRECATED_OBJC_IMPLEMENTATIONS = YES;
				CLANG_WARN_DIRECT_OBJC_ISA_USAGE = YES_ERROR;
				CLANG_WARN_DOCUMENTATION_COMMENTS = YES;
				CLANG_WARN_EMPTY_BODY = YES;
				CLANG_WARN_ENUM_CONVERSION = YES;
				CLANG_WARN_INFINITE_RECURSION = YES;
				CLANG_WARN_INT_CONVERSION = YES;
				CLANG_WARN_NON_LITERAL_NULL_CONVERSION = YES;
				CLANG_WARN_OBJC_IMPLICIT_RETAIN_SELF = YES;
				CLANG_WARN_OBJC_LITERAL_CONVERSION = YES;
				CLANG_WARN_OBJC_ROOT_CLASS = YES_ERROR;
				CLANG_WARN_RANGE_LOOP_ANALYSIS = YES;
				CLANG_WARN_STRICT_PROTOTYPES = YES;
				CLANG_WARN_SUSPICIOUS_MOVE = YES;
				CLANG_WARN_UNGUARDED_AVAILABILITY = YES_AGGRESSIVE;
				CLANG_WARN_UNREACHABLE_CODE = YES;
				CLANG_WARN__DUPLICATE_METHOD_MATCH = YES;
				COPY_PHASE_STRIP = NO;
				DEBUG_INFORMATION_FORMAT = "dwarf-with-dsym";
				ENABLE_NS_ASSERTIONS = NO;
				ENABLE_STRICT_OBJC_MSGSEND = YES;
				GCC_C_LANGUAGE_STANDARD = gnu11;
				GCC_NO_COMMON_BLOCKS = YES;
				GCC_WARN_64_TO_32_BIT_CONVERSION = YES;
				GCC_WARN_ABOUT_RETURN_TYPE = YES_ERROR;
				GCC_WARN_UNDECLARED_SELECTOR = YES;
				GCC_WARN_UNINITIALIZED_AUTOS = YES_AGGRESSIVE;
				GCC_WARN_UNUSED_FUNCTION = YES;
				GCC_WARN_UNUSED_VARIABLE = YES;
				IPHONEOS_DEPLOYMENT_TARGET = 13.2;
				MTL_ENABLE_DEBUG_INFO = NO;
				MTL_FAST_MATH = YES;
				SDKROOT = iphoneos;
				SWIFT_COMPILATION_MODE = wholemodule;
				SWIFT_OPTIMIZATION_LEVEL = "-O";
				VALIDATE_PRODUCT = YES;
			};
			name = Release;
		};
		799C63E22376EE7800A64A1C /* Debug */ = {
			isa = XCBuildConfiguration;
			buildSettings = {
				ASSETCATALOG_COMPILER_APPICON_NAME = AppIcon;
				CODE_SIGN_STYLE = Automatic;
				DEVELOPMENT_ASSET_PATHS = "\"ARHome-iOS/Preview Content\"";
				DEVELOPMENT_TEAM = T57764S6XM;
				ENABLE_PREVIEWS = YES;
				INFOPLIST_FILE = "ARHome-iOS/Info.plist";
				LD_RUNPATH_SEARCH_PATHS = (
					"$(inherited)",
					"@executable_path/Frameworks",
				);
				PRODUCT_BUNDLE_IDENTIFIER = "com.gaojian.ARHome-iOS";
				PRODUCT_NAME = "$(TARGET_NAME)";
				SWIFT_VERSION = 5.0;
				TARGETED_DEVICE_FAMILY = "1,2";
			};
			name = Debug;
		};
		799C63E32376EE7800A64A1C /* Release */ = {
			isa = XCBuildConfiguration;
			buildSettings = {
				ASSETCATALOG_COMPILER_APPICON_NAME = AppIcon;
				CODE_SIGN_STYLE = Automatic;
				DEVELOPMENT_ASSET_PATHS = "\"ARHome-iOS/Preview Content\"";
				DEVELOPMENT_TEAM = T57764S6XM;
				ENABLE_PREVIEWS = YES;
				INFOPLIST_FILE = "ARHome-iOS/Info.plist";
				LD_RUNPATH_SEARCH_PATHS = (
					"$(inherited)",
					"@executable_path/Frameworks",
				);
				PRODUCT_BUNDLE_IDENTIFIER = "com.gaojian.ARHome-iOS";
				PRODUCT_NAME = "$(TARGET_NAME)";
				SWIFT_VERSION = 5.0;
				TARGETED_DEVICE_FAMILY = "1,2";
			};
			name = Release;
		};
		799C63E52376EE7800A64A1C /* Debug */ = {
			isa = XCBuildConfiguration;
			buildSettings = {
				ALWAYS_EMBED_SWIFT_STANDARD_LIBRARIES = YES;
				BUNDLE_LOADER = "$(TEST_HOST)";
				CODE_SIGN_STYLE = Automatic;
				DEVELOPMENT_TEAM = T57764S6XM;
				INFOPLIST_FILE = "ARHome-iOSTests/Info.plist";
				IPHONEOS_DEPLOYMENT_TARGET = 13.2;
				LD_RUNPATH_SEARCH_PATHS = (
					"$(inherited)",
					"@executable_path/Frameworks",
					"@loader_path/Frameworks",
				);
				PRODUCT_BUNDLE_IDENTIFIER = "com.gaojian.ARHome-iOSTests";
				PRODUCT_NAME = "$(TARGET_NAME)";
				SWIFT_VERSION = 5.0;
				TARGETED_DEVICE_FAMILY = "1,2";
				TEST_HOST = "$(BUILT_PRODUCTS_DIR)/ARHome-iOS.app/ARHome-iOS";
			};
			name = Debug;
		};
		799C63E62376EE7800A64A1C /* Release */ = {
			isa = XCBuildConfiguration;
			buildSettings = {
				ALWAYS_EMBED_SWIFT_STANDARD_LIBRARIES = YES;
				BUNDLE_LOADER = "$(TEST_HOST)";
				CODE_SIGN_STYLE = Automatic;
				DEVELOPMENT_TEAM = T57764S6XM;
				INFOPLIST_FILE = "ARHome-iOSTests/Info.plist";
				IPHONEOS_DEPLOYMENT_TARGET = 13.2;
				LD_RUNPATH_SEARCH_PATHS = (
					"$(inherited)",
					"@executable_path/Frameworks",
					"@loader_path/Frameworks",
				);
				PRODUCT_BUNDLE_IDENTIFIER = "com.gaojian.ARHome-iOSTests";
				PRODUCT_NAME = "$(TARGET_NAME)";
				SWIFT_VERSION = 5.0;
				TARGETED_DEVICE_FAMILY = "1,2";
				TEST_HOST = "$(BUILT_PRODUCTS_DIR)/ARHome-iOS.app/ARHome-iOS";
			};
			name = Release;
		};
		799C63E82376EE7800A64A1C /* Debug */ = {
			isa = XCBuildConfiguration;
			buildSettings = {
				ALWAYS_EMBED_SWIFT_STANDARD_LIBRARIES = YES;
				CODE_SIGN_STYLE = Automatic;
				DEVELOPMENT_TEAM = T57764S6XM;
				INFOPLIST_FILE = "ARHome-iOSUITests/Info.plist";
				LD_RUNPATH_SEARCH_PATHS = (
					"$(inherited)",
					"@executable_path/Frameworks",
					"@loader_path/Frameworks",
				);
				PRODUCT_BUNDLE_IDENTIFIER = "com.gaojian.ARHome-iOSUITests";
				PRODUCT_NAME = "$(TARGET_NAME)";
				SWIFT_VERSION = 5.0;
				TARGETED_DEVICE_FAMILY = "1,2";
				TEST_TARGET_NAME = "ARHome-iOS";
			};
			name = Debug;
		};
		799C63E92376EE7800A64A1C /* Release */ = {
			isa = XCBuildConfiguration;
			buildSettings = {
				ALWAYS_EMBED_SWIFT_STANDARD_LIBRARIES = YES;
				CODE_SIGN_STYLE = Automatic;
				DEVELOPMENT_TEAM = T57764S6XM;
				INFOPLIST_FILE = "ARHome-iOSUITests/Info.plist";
				LD_RUNPATH_SEARCH_PATHS = (
					"$(inherited)",
					"@executable_path/Frameworks",
					"@loader_path/Frameworks",
				);
				PRODUCT_BUNDLE_IDENTIFIER = "com.gaojian.ARHome-iOSUITests";
				PRODUCT_NAME = "$(TARGET_NAME)";
				SWIFT_VERSION = 5.0;
				TARGETED_DEVICE_FAMILY = "1,2";
				TEST_TARGET_NAME = "ARHome-iOS";
			};
			name = Release;
		};
/* End XCBuildConfiguration section */

/* Begin XCConfigurationList section */
		799C63B22376EE7600A64A1C /* Build configuration list for PBXProject "ARHome-iOS" */ = {
			isa = XCConfigurationList;
			buildConfigurations = (
				799C63DF2376EE7800A64A1C /* Debug */,
				799C63E02376EE7800A64A1C /* Release */,
			);
			defaultConfigurationIsVisible = 0;
			defaultConfigurationName = Release;
		};
		799C63E12376EE7800A64A1C /* Build configuration list for PBXNativeTarget "ARHome-iOS" */ = {
			isa = XCConfigurationList;
			buildConfigurations = (
				799C63E22376EE7800A64A1C /* Debug */,
				799C63E32376EE7800A64A1C /* Release */,
			);
			defaultConfigurationIsVisible = 0;
			defaultConfigurationName = Release;
		};
		799C63E42376EE7800A64A1C /* Build configuration list for PBXNativeTarget "ARHome-iOSTests" */ = {
			isa = XCConfigurationList;
			buildConfigurations = (
				799C63E52376EE7800A64A1C /* Debug */,
				799C63E62376EE7800A64A1C /* Release */,
			);
			defaultConfigurationIsVisible = 0;
			defaultConfigurationName = Release;
		};
		799C63E72376EE7800A64A1C /* Build configuration list for PBXNativeTarget "ARHome-iOSUITests" */ = {
			isa = XCConfigurationList;
			buildConfigurations = (
				799C63E82376EE7800A64A1C /* Debug */,
				799C63E92376EE7800A64A1C /* Release */,
			);
			defaultConfigurationIsVisible = 0;
			defaultConfigurationName = Release;
		};
/* End XCConfigurationList section */

/* Begin XCRemoteSwiftPackageReference section */
		7981F95023A8D73C00BAED57 /* XCRemoteSwiftPackageReference "SwiftUIExtensions" */ = {
			isa = XCRemoteSwiftPackageReference;
			repositoryURL = "git@github.com:SwiftExtensions/SwiftUIExtensions.git";
			requirement = {
				kind = upToNextMajorVersion;
				minimumVersion = 0.8.0;
			};
		};
/* End XCRemoteSwiftPackageReference section */

/* Begin XCSwiftPackageProductDependency section */
		7981F95123A8D73C00BAED57 /* SwiftUIExtensions */ = {
			isa = XCSwiftPackageProductDependency;
			package = 7981F95023A8D73C00BAED57 /* XCRemoteSwiftPackageReference "SwiftUIExtensions" */;
			productName = SwiftUIExtensions;
		};
/* End XCSwiftPackageProductDependency section */
	};
	rootObject = 799C63AF2376EE7600A64A1C /* Project object */;
}
